
Microsoft Visual Studio Solution File, Format Version 12.00
# Visual Studio Version 16
VisualStudioVersion = 16.0.29306.81
MinimumVisualStudioVersion = 10.0.40219.1
Project("{FAE04EC0-301F-11D3-BF4B-00C04F79EFBC}") = "PeriodicDatabaseLogger", "PeriodicDatabaseLogger.csproj", "{46C3DEBF-B016-4CB3-B711-85C834B9AB33}"
EndProject
Global
	GlobalSection(SolutionConfigurationPlatforms) = preSolution
		Debug|Any CPU = Debug|Any CPU
		Release|Any CPU = Release|Any CPU
	EndGlobalSection
	GlobalSection(ProjectConfigurationPlatforms) = postSolution
		{46C3DEBF-B016-4CB3-B711-85C834B9AB33}.Debug|Any CPU.ActiveCfg = Debug|Any CPU
		{46C3DEBF-B016-4CB3-B711-85C834B9AB33}.Debug|Any CPU.Build.0 = Debug|Any CPU
		{46C3DEBF-B016-4CB3-B711-85C834B9AB33}.Release|Any CPU.ActiveCfg = Release|Any CPU
		{46C3DEBF-B016-4CB3-B711-85C834B9AB33}.Release|Any CPU.Build.0 = Release|Any CPU
	EndGlobalSection
	GlobalSection(SolutionProperties) = preSolution
		HideSolutionNode = FALSE
	EndGlobalSection
	GlobalSection(ExtensibilityGlobals) = postSolution
		SolutionGuid = {86C91051-9E2A-45E3-ABBE-E02A526711E5}
	EndGlobalSection
EndGlobal
